
Microsoft Visual Studio Solution File, Format Version 12.00
# Visual Studio Version 17
VisualStudioVersion = 17.14.36705.20 d17.14
MinimumVisualStudioVersion = 10.0.40219.1
Project("{FAE04EC0-301F-11D3-BF4B-00C04F79EFBC}") = "FinancasApp.Mobile", "FinancasApp.Mobile\FinancasApp.Mobile.csproj", "{21F4E134-1448-45CB-949F-1229EA1DCFFB}"
EndProject
Global
	GlobalSection(SolutionConfigurationPlatforms) = preSolution
		Debug|Any CPU = Debug|Any CPU
		Release|Any CPU = Release|Any CPU
	EndGlobalSection
	GlobalSection(ProjectConfigurationPlatforms) = postSolution
		{21F4E134-1448-45CB-949F-1229EA1DCFFB}.Debug|Any CPU.ActiveCfg = Debug|Any CPU
		{21F4E134-1448-45CB-949F-1229EA1DCFFB}.Debug|Any CPU.Build.0 = Debug|Any CPU
		{21F4E134-1448-45CB-949F-1229EA1DCFFB}.Release|Any CPU.ActiveCfg = Release|Any CPU
		{21F4E134-1448-45CB-949F-1229EA1DCFFB}.Release|Any CPU.Build.0 = Release|Any CPU
	EndGlobalSection
	GlobalSection(SolutionProperties) = preSolution
		HideSolutionNode = FALSE
	EndGlobalSection
	GlobalSection(ExtensibilityGlobals) = postSolution
		SolutionGuid = {9100486E-1CC1-4074-85E5-21D961EA612B}
	EndGlobalSection
EndGlobal
